
Microsoft Visual Studio Solution File, Format Version 12.00
# Visual Studio 2012
Project("{FAE04EC0-301F-11D3-BF4B-00C04F79EFBC}") = "TPU-Schedule-to-Google-Calendar", "TPU-Schedule-to-Google-Calendar\TPU-Schedule-to-Google-Calendar.csproj", "{0E5FC359-D96A-49DB-98A2-06DF49C7905E}"
EndProject
Global
	GlobalSection(SolutionConfigurationPlatforms) = preSolution
		Debug|Any CPU = Debug|Any CPU
		Release|Any CPU = Release|Any CPU
	EndGlobalSection
	GlobalSection(ProjectConfigurationPlatforms) = postSolution
		{0E5FC359-D96A-49DB-98A2-06DF49C7905E}.Debug|Any CPU.ActiveCfg = Debug|Any CPU
		{0E5FC359-D96A-49DB-98A2-06DF49C7905E}.Debug|Any CPU.Build.0 = Debug|Any CPU
		{0E5FC359-D96A-49DB-98A2-06DF49C7905E}.Release|Any CPU.ActiveCfg = Release|Any CPU
		{0E5FC359-D96A-49DB-98A2-06DF49C7905E}.Release|Any CPU.Build.0 = Release|Any CPU
	EndGlobalSection
	GlobalSection(SolutionProperties) = preSolution
		HideSolutionNode = FALSE
	EndGlobalSection
EndGlobal
